{
  "lockfileVersion": 1,
  "configVersion": 0,
  "workspaces": {
    "": {
      "name": "@tontoko/fast-playwright-mcp",
      "dependencies": {
        "@modelcontextprotocol/sdk": "1.25.2",
        "@types/sharp": "^0.31.1",
        "commander": "^13.1.0",
        "debug": "^4.4.1",
        "dotenv": "^17.2.0",
        "fast-diff": "^1.3.0",
        "mime": "^4.0.7",
        "playwright": "1.62.0-alpha-1783623505000",
        "playwright-core": "1.62.0-alpha-1783623505000",
        "sharp": "^0.34.3",
        "ws": "^8.18.1",
        "zod": "^3.24.1",
        "zod-to-json-schema": "^3.24.4"
      },
      "devDependencies": {
        "@anthropic-ai/sdk": "^0.57.0",
        "@biomejs/biome": "2.1.2",
        "@modelcontextprotocol/ext-apps": "1.0.1",
        "@playwright/test": "1.62.0-alpha-1783623505000",
        "@types/debug": "^4.1.12",
        "@types/node": "^22.13.10",
        "@types/ws": "^8.18.1",
        "@typescript/native-preview": "^7.0.0-dev.20250808.1",
        "esbuild": "^0.20.1",
        "lefthook": "^1.12.2",
        "openai": "^5.10.2",
        "ultracite": "5.1.2"
      }
    }
  },
  "packages": {
    "@anthropic-ai/sdk": ["@anthropic-ai/sdk@0.57.0", "", { "bin": { "anthropic-ai-sdk": "bin/cli" } }, ""],

    "@biomejs/biome": ["@biomejs/biome@2.1.2", "", { "optionalDependencies": { "@biomejs/cli-linux-x64": "2.1.2", "@biomejs/cli-linux-x64-musl": "2.1.2" }, "bin": { "biome": "bin/biome" } }, ""],

    "@biomejs/cli-linux-x64": ["@biomejs/cli-linux-x64@2.1.2", "", { "os": "linux", "cpu": "x64" }, ""],

    "@biomejs/cli-linux-x64-musl": ["@biomejs/cli-linux-x64-musl@2.1.2", "", { "os": "linux", "cpu": "x64" }, ""],

    "@clack/core": ["@clack/core@0.5.0", "", { "dependencies": { "picocolors": "^1.0.0", "sisteransi": "^1.0.5" } }, ""],

    "@clack/prompts": ["@clack/prompts@0.11.0", "", { "dependencies": { "@clack/core": "0.5.0", "picocolors": "^1.0.0", "sisteransi": "^1.0.5" } }, ""],

    "@esbuild/linux-x64": ["@esbuild/linux-x64@0.20.2", "", { "os": "linux", "cpu": "x64" }, ""],

    "@hono/node-server": ["@hono/node-server@1.19.7", "", {}, ""],

    "@img/colour": ["@img/colour@1.0.0", "", {}, ""],

    "@img/sharp-libvips-linux-x64": ["@img/sharp-libvips-linux-x64@1.2.4", "", { "os": "linux", "cpu": "x64" }, ""],

    "@img/sharp-libvips-linuxmusl-x64": ["@img/sharp-libvips-linuxmusl-x64@1.2.4", "", { "os": "linux", "cpu": "x64" }, ""],

    "@img/sharp-linux-x64": ["@img/sharp-linux-x64@0.34.5", "", { "optionalDependencies": { "@img/sharp-libvips-linux-x64": "1.2.4" }, "os": "linux", "cpu": "x64" }, ""],

    "@img/sharp-linuxmusl-x64": ["@img/sharp-linuxmusl-x64@0.34.5", "", { "optionalDependencies": { "@img/sharp-libvips-linuxmusl-x64": "1.2.4" }, "os": "linux", "cpu": "x64" }, ""],

    "@jridgewell/sourcemap-codec": ["@jridgewell/sourcemap-codec@1.5.5", "", {}, ""],

    "@modelcontextprotocol/ext-apps": ["@modelcontextprotocol/ext-apps@1.0.1", "", { "optionalDependencies": { "@oven/bun-linux-x64": "^1.2.21", "@oven/bun-linux-x64-baseline": "^1.2.21", "@oven/bun-linux-x64-musl": "^1.2.21", "@oven/bun-linux-x64-musl-baseline": "^1.2.21", "@rollup/rollup-linux-x64-gnu": "^4.53.3" }, "peerDependencies": { "@modelcontextprotocol/sdk": "^1.24.0", "react": "^17.0.0 || ^18.0.0 || ^19.0.0", "react-dom": "^17.0.0 || ^18.0.0 || ^19.0.0", "zod": "^3.25.0 || ^4.0.0" }, "optionalPeers": ["react", "react-dom"] }, ""],

    "@modelcontextprotocol/sdk": ["@modelcontextprotocol/sdk@1.25.2", "", { "dependencies": { "@hono/node-server": "^1.19.7", "ajv": "^8.17.1", "ajv-formats": "^3.0.1", "content-type": "^1.0.5", "cors": "^2.8.5", "cross-spawn": "^7.0.5", "eventsource": "^3.0.2", "eventsource-parser": "^3.0.0", "express": "^5.0.1", "express-rate-limit": "^7.5.0", "jose": "^6.1.1", "json-schema-typed": "^8.0.2", "pkce-challenge": "^5.0.0", "raw-body": "^3.0.0", "zod": "^3.25 || ^4.0", "zod-to-json-schema": "^3.25.0" }, "peerDependencies": { "@cfworker/json-schema": "^4.1.1", "zod": "^3.25 || ^4.0" }, "optionalPeers": ["@cfworker/json-schema"] }, ""],

    "@oven/bun-linux-x64": ["@oven/bun-linux-x64@1.3.14", "", { "os": "linux", "cpu": "x64" }, ""],

    "@oven/bun-linux-x64-baseline": ["@oven/bun-linux-x64-baseline@1.3.14", "", { "os": "linux", "cpu": "x64" }, ""],

    "@oven/bun-linux-x64-musl": ["@oven/bun-linux-x64-musl@1.3.14", "", { "os": "linux", "cpu": "x64" }, ""],

    "@oven/bun-linux-x64-musl-baseline": ["@oven/bun-linux-x64-musl-baseline@1.3.14", "", { "os": "linux", "cpu": "x64" }, ""],

    "@playwright/test": ["@playwright/test@1.62.0-alpha-1783623505000", "", { "dependencies": { "playwright": "1.62.0-alpha-1783623505000" }, "bin": { "playwright": "cli.js" } }, ""],

    "@rollup/rollup-linux-x64-gnu": ["@rollup/rollup-linux-x64-gnu@4.59.0", "", { "os": "linux", "cpu": "x64" }, ""],

    "@sindresorhus/merge-streams": ["@sindresorhus/merge-streams@2.3.0", "", {}, ""],

    "@types/debug": ["@types/debug@4.1.13", "", { "dependencies": { "@types/ms": "*" } }, ""],

    "@types/ms": ["@types/ms@2.1.0", "", {}, ""],

    "@types/node": ["@types/node@22.19.11", "", { "dependencies": { "undici-types": "~6.21.0" } }, ""],

    "@types/sharp": ["@types/sharp@0.31.1", "", { "dependencies": { "@types/node": "*" } }, ""],

    "@types/ws": ["@types/ws@8.18.1", "", { "dependencies": { "@types/node": "*" } }, ""],

    "@typescript/native-preview": ["@typescript/native-preview@7.0.0-dev.20250808.1", "", {}, ""],

    "accepts": ["accepts@2.0.0", "", { "dependencies": { "mime-types": "^3.0.0", "negotiator": "^1.0.0" } }, ""],

    "acorn": ["acorn@8.16.0", "", { "bin": { "acorn": "bin/acorn" } }, ""],

    "acorn-walk": ["acorn-walk@8.3.5", "", { "dependencies": { "acorn": "^8.11.0" } }, ""],

    "ajv": ["ajv@8.17.1", "", { "dependencies": { "fast-deep-equal": "^3.1.3", "fast-uri": "^3.0.1", "json-schema-traverse": "^1.0.0", "require-from-string": "^2.0.2" } }, ""],

    "ajv-formats": ["ajv-formats@3.0.1", "", { "dependencies": { "ajv": "^8.0.0" }, "peerDependencies": { "ajv": "^8.0.0" } }, ""],

    "ansi-regex": ["ansi-regex@6.2.2", "", {}, ""],

    "ansi-styles": ["ansi-styles@6.2.3", "", {}, ""],

    "ansis": ["ansis@4.2.0", "", {}, ""],

    "anymatch": ["anymatch@3.1.3", "", { "dependencies": { "normalize-path": "^3.0.0", "picomatch": "^2.0.4" } }, ""],

    "balanced-match": ["balanced-match@1.0.2", "", {}, ""],

    "binary-extensions": ["binary-extensions@2.3.0", "", {}, ""],

    "binaryextensions": ["binaryextensions@6.11.0", "", { "engines": { "node": ">=4" } }, ""],

    "body-parser": ["body-parser@2.2.2", "", { "dependencies": { "bytes": "^3.1.2", "content-type": "^1.0.5", "debug": "^4.4.3", "http-errors": "^2.0.1", "iconv-lite": "^0.7.0", "on-finished": "^2.4.1", "qs": "^6.15.0", "raw-body": "^3.0.1", "type-is": "^2.0.1" } }, ""],

    "brace-expansion": ["brace-expansion@2.0.2", "", { "dependencies": { "balanced-match": "^1.0.0" } }, ""],

    "braces": ["braces@3.0.3", "", { "dependencies": { "fill-range": "^7.1.1" } }, ""],

    "bundle-require": ["bundle-require@5.1.0", "", { "dependencies": { "esbuild": "~0.25.0", "load-tsconfig": "^0.2.3" }, ""],

    "bytes": ["bytes@3.1.2", "", {}, ""],

    "chokidar": ["chokidar@4.0.3", "", { "dependencies": { "readdirp": "^4.0.1" } }, ""],

    "chokidar-v3": ["chokidar@3.6.0", "", { "dependencies": { "anymatch": "~3.1.2", "braces": "~3.0.2", "glob-parent": "~5.1.2", "is-binary-path": "~2.1.0", "is-glob": "~4.0.1", "normalize-path": "~3.0.0", "readdirp": "~3.6.0" }, ""],

    "citty": ["citty@0.1.6", "", { "dependencies": { "consola": "^3.2.3" } }, ""],

    "commander": ["commander@13.1.0", "", {}, ""],

    "consola": ["consola@3.4.2", "", {}, ""],

    "content-disposition": ["content-disposition@1.0.1", "", { "dependencies": { "safe-buffer": "5.2.1" } }, ""],

    "content-type": ["content-type@1.0.5", "", {}, ""],

    "cookie": ["cookie@0.7.2", "", {}, ""],

    "cookie-signature": ["cookie-signature@1.2.2", "", {}, ""],

    "cors": ["cors@2.8.6", "", { "dependencies": { "object-assign": "^4.1.1", "vary": "^1.1.2" } }, ""],

    "cross-spawn": ["cross-spawn@7.0.6", "", { "dependencies": { "path-key": "^3.1.0", "shebang-command": "^2.0.0", "which": "^2.0.1" } }, ""],

    "debug": ["debug@4.4.3", "", { "dependencies": { "ms": "^2.1.3" } }, ""],

    "depd": ["depd@2.0.0", "", {}, ""],

    "dotenv": ["dotenv@17.3.1", "", {}, ""],

    "duplexer": ["duplexer@0.1.2", "", {}, ""],

    "ee-first": ["ee-first@1.1.1", "", {}, ""],

    "encodeurl": ["encodeurl@2.0.0", "", {}, ""],

    "error-ex": ["error-ex@1.3.4", "", { "dependencies": { "is-arrayish": "^0.2.1" } }, ""],

    "esbuild": ["esbuild@0.20.2", "", { "optionalDependencies": { "@esbuild/linux-x64": "0.20.2" }, "bin": { "esbuild": "bin/esbuild" } }, ""],

    "esbuild-config": ["esbuild@0.25.12", "", { "optionalDependencies": { "@esbuild/linux-x64": "0.25.12" }, "bin": { "esbuild": "bin/esbuild" } }, ""],

    "escape-html": ["escape-html@1.0.3", "", {}, ""],

    "etag": ["etag@1.8.1", "", {}, ""],

    "eventsource": ["eventsource@3.0.7", "", { "dependencies": { "eventsource-parser": "^3.0.1" }, ""],

    "eventsource-parser": ["eventsource-parser@3.0.6", "", {}, ""],

    "express": ["express@5.2.1", "", { "dependencies": { "accepts": "^2.0.0", "body-parser": "^2.2.1", "content-disposition": "^1.0.0", "content-type": "^1.0.5", "cookie": "^0.7.1", "cookie-signature": "^1.2.1", "debug": "^4.4.3", "encodeurl": "^2.0.0", "escape-html": "^1.0.3", "etag": "^1.8.1", "finalhandler": "^2.1.1", "fresh": "^2.0.0", "http-errors": "^2.0.1", "merge-descriptors": "^2.0.0", "mime-types": "^3.0.2", "on-finished": "^2.4.1", "once": "^1.4.0", "parseurl": "^1.3.3", "proxy-addr": "^2.0.7", "qs": "^6.14.0", "range-parser": "^1.2.1", "router": "^2.2.0", "send": "^1.2.0", "serve-static": "^2.2.0", "statuses": "^2.0.1", "type-is": "^2.0.1", "vary": "^1.1.2" } }, ""],

    "express-rate-limit": ["express-rate-limit@7.5.1", "", {}, ""],

    "fast-deep-equal": ["fast-deep-equal@3.1.3", "", {}, ""],

    "fast-diff": ["fast-diff@1.3.0", "", {}, ""],

    "fast-uri": ["fast-uri@3.1.0", "", {}, ""],

    "fill-range": ["fill-range@7.1.1", "", { "dependencies": { "to-regex-range": "^5.0.1" } }, ""],

    "finalhandler": ["finalhandler@2.1.1", "", { "dependencies": { "debug": "^4.4.3", "encodeurl": "^2.0.0", "escape-html": "^1.0.3", "on-finished": "^2.4.1", "parseurl": "^1.3.3", "statuses": "^2.0.2" } }, ""],

    "foreground-child": ["foreground-child@3.3.1", "", { "dependencies": { "cross-spawn": "^7.0.6", "signal-exit": "^4.0.1" } }, ""],

    "forwarded": ["forwarded@0.2.0", "", {}, ""],

    "fresh": ["fresh@2.0.0", "", {}, ""],

    "fsevents": ["fsevents@2.3.3", "", { "os": "darwin" }, ""],

    "function-bind": ["function-bind@1.1.2", "", {}, ""],

    "get-tsconfig": ["get-tsconfig@4.13.7", "", { "dependencies": { "resolve-pkg-maps": "^1.0.0" } }, ""],

    "glob": ["glob@10.5.0", "", { "dependencies": { "foreground-child": "^3.1.0", "jackspeak": "^3.1.2", "minimatch": "^9.0.4", "minipass": "^7.1.2", "package-json-from-dist": "^1.0.0", "path-scurry": "^1.11.1" }, "bin": { "glob": "dist/esm/bin.mjs" } }, ""],

    "glob-parent": ["glob-parent@5.1.2", "", { "dependencies": { "is-glob": "^4.0.1" } }, ""],

    "hasown": ["hasown@2.0.2", "", { "dependencies": { "function-bind": "^1.1.2" } }, ""],

    "hono": ["hono@4.11.4", "", {}, ""],

    "http-errors": ["http-errors@2.0.1", "", { "dependencies": { "depd": "~2.0.0", "inherits": "~2.0.4", "setprototypeof": "~1.2.0", "statuses": "~2.0.2", "toidentifier": "~1.0.1" } }, ""],

    "iconv-lite": ["iconv-lite@0.7.2", "", { "dependencies": { "safer-buffer": ">= 2.1.2 < 3" } }, ""],

    "ignore": ["ignore@7.0.5", "", {}, ""],

    "inherits": ["inherits@2.0.4", "", {}, ""],

    "ipaddr.js": ["ipaddr.js@1.9.1", "", {}, ""],

    "is-arrayish": ["is-arrayish@0.2.1", "", {}, ""],

    "is-binary-path": ["is-binary-path@2.1.0", "", { "dependencies": { "binary-extensions": "^2.0.0" } }, ""],

    "is-extglob": ["is-extglob@2.1.1", "", {}, ""],

    "is-glob": ["is-glob@4.0.3", "", { "dependencies": { "is-extglob": "^2.1.1" } }, ""],

    "is-number": ["is-number@7.0.0", "", {}, ""],

    "is-promise": ["is-promise@4.0.0", "", {}, ""],

    "isexe": ["isexe@2.0.0", "", {}, ""],

    "jackspeak": ["jackspeak@3.4.3", "", { "dependencies": { "@isaacs/cliui": "^8.0.2" } }, ""],

    "jose": ["jose@6.2.0", "", {}, ""],

    "js-tokens": ["js-tokens@9.0.1", "", {}, ""],

    "json-parse-even-better-errors": ["json-parse-even-better-errors@3.0.2", "", {}, ""],

    "json-schema-traverse": ["json-schema-traverse@1.0.0", "", {}, ""],

    "json-schema-typed": ["json-schema-typed@8.0.2", "", {}, ""],

    "kdljs": ["kdljs@0.3.0", "", {}, ""],

    "lefthook": ["lefthook@1.13.6", "", { "bin": { "lefthook": "bin.js" } }, ""],

    "lilconfig": ["lilconfig@3.1.3", "", {}, ""],

    "lines-and-columns": ["lines-and-columns@2.0.4", "", {}, ""],

    "load-tsconfig": ["load-tsconfig@0.2.5", "", {}, ""],

    "lru-cache": ["lru-cache@10.4.3", "", {}, ""],

    "media-typer": ["media-typer@1.1.0", "", {}, ""],

    "merge-descriptors": ["merge-descriptors@2.0.0", "", {}, ""],

    "mime": ["mime@4.1.0", "", { "bin": { "mime": "bin/cli.js" } }, ""],

    "mime-db": ["mime-db@1.54.0", "", {}, ""],

    "mime-types": ["mime-types@3.0.2", "", { "dependencies": { "mime-db": "^1.54.0" } }, ""],

    "minimatch": ["minimatch@9.0.5", "", { "dependencies": { "brace-expansion": "^2.0.1" } }, ""],

    "minipass": ["minipass@7.1.2", "", {}, ""],

    "mlly": ["mlly@1.8.1", "", { "dependencies": { "acorn": "^8.15.0", "pathe": "^2.0.3", "pkg-types": "^1.3.1", "ufo": "^1.6.1" } }, ""],

    "ms": ["ms@2.1.3", "", {}, ""],

    "negotiator": ["negotiator@1.0.0", "", {}, ""],

    "normalize-path": ["normalize-path@3.0.0", "", {}, ""],

    "object-assign": ["object-assign@4.1.1", "", {}, ""],

    "ofetch": ["ofetch@1.5.1", "", { "dependencies": { "destr": "^2.0.3", "node-fetch-native": "^1.6.7", "ufo": "^1.6.1" } }, ""],

    "on-finished": ["on-finished@2.4.1", "", { "dependencies": { "ee-first": "1.1.1" } }, ""],

    "once": ["once@1.4.0", "", { "dependencies": { "wrappy": "1" } }, ""],

    "openai": ["openai@5.22.0", "", { "bin": { "openai": "bin/cli" } }, ""],

    "package-json-from-dist": ["package-json-from-dist@1.0.1", "", {}, ""],

    "parse-json": ["parse-json@8.3.0", "", { "dependencies": { "@babel/code-frame": "^7.26.2", "index-to-position": "^1.0.0", "type-fest": "^4.41.0" } }, ""],

    "parse-ms": ["parse-ms@4.0.0", "", {}, ""],

    "parseurl": ["parseurl@1.3.3", "", {}, ""],

    "path-key": ["path-key@3.1.1", "", {}, ""],

    "path-scurry": ["path-scurry@1.11.1", "", { "dependencies": { "lru-cache": "^10.2.0", "minipass": "^7.1.2" } }, ""],

    "pathe": ["pathe@2.0.3", "", {}, ""],

    "peek-readable": ["peek-readable@5.4.2", "", {}, ""],

    "picocolors": ["picocolors@1.1.1", "", {}, ""],

    "picomatch": ["picomatch@2.3.2", "", {}, ""],

    "pkce-challenge": ["pkce-challenge@5.0.0", "", {}, ""],

    "pkg-types": ["pkg-types@1.3.1", "", { "dependencies": { "confbox": "^0.1.8", "mlly": "^1.7.4", "pathe": "^2.0.1" } }, ""],

    "playwright": ["playwright@1.62.0-alpha-1783623505000", "", { "dependencies": { "playwright-core": "1.62.0-alpha-1783623505000" }, "bin": { "playwright": "cli.js" } }, ""],

    "playwright-core": ["playwright-core@1.62.0-alpha-1783623505000", "", { "bin": { "playwright-core": "cli.js" } }, ""],

    "prettier": ["prettier@3.8.2", "", { "bin": { "prettier": "bin/prettier.cjs" } }, ""],

    "pretty-ms": ["pretty-ms@9.3.0", "", { "dependencies": { "parse-ms": "^4.0.0" } }, ""],

    "proxy-addr": ["proxy-addr@2.0.7", "", { "dependencies": { "forwarded": "0.2.0", "ipaddr.js": "1.9.1" } }, ""],

    "qs": ["qs@6.14.2", "", { "dependencies": { "side-channel": "^1.1.0" } }, ""],

    "range-parser": ["range-parser@1.2.1", "", {}, ""],

    "raw-body": ["raw-body@3.0.2", "", { "dependencies": { "bytes": "3.1.2", "http-errors": "2.0.1", "iconv-lite": "0.7.2", "unpipe": "1.0.0" } }, ""],

    "readdirp": ["readdirp@4.1.2", "", {}, ""],

    "require-from-string": ["require-from-string@2.0.2", "", {}, ""],

    "resolve-pkg-maps": ["resolve-pkg-maps@1.0.0", "", {}, ""],

    "router": ["router@2.2.0", "", { "dependencies": { "debug": "^4.4.0", "depd": "^2.0.0", "is-promise": "^4.0.0", "parseurl": "^1.3.3", "path-to-regexp": "^8.0.0" } }, ""],

    "run-applescript": ["run-applescript@7.1.0", "", { "dependencies": { "execa": "^9.5.2" } }, ""],

    "safe-buffer": ["safe-buffer@5.2.1", "", {}, ""],

    "safer-buffer": ["safer-buffer@2.1.2", "", {}, ""],

    "semver": ["semver@7.7.4", "", { "bin": { "semver": "bin/semver.js" } }, ""],

    "send": ["send@1.2.1", "", { "dependencies": { "debug": "^4.4.3", "encodeurl": "^2.0.0", "escape-html": "^1.0.3", "etag": "^1.8.1", "fresh": "^2.0.0", "http-errors": "^2.0.1", "mime-types": "^3.0.2", "ms": "^2.1.3", "on-finished": "^2.4.1", "range-parser": "^1.2.1", "statuses": "^2.0.2" } }, ""],

    "serve-static": ["serve-static@2.2.1", "", { "dependencies": { "encodeurl": "^2.0.0", "escape-html": "^1.0.3", "parseurl": "^1.3.3", "send": "^1.2.0" } }, ""],

    "setprototypeof": ["setprototypeof@1.2.0", "", {}, ""],

    "sharp": ["sharp@0.34.5", "", { "dependencies": { "@img/colour": "^1.0.0", "detect-libc": "^2.0.3", "semver": "^7.7.3" }, "optionalDependencies": { "@img/sharp-libvips-linux-x64": "1.2.4", "@img/sharp-libvips-linuxmusl-x64": "1.2.4", "@img/sharp-linux-x64": "0.34.5", "@img/sharp-linuxmusl-x64": "0.34.5" } }, ""],

    "shebang-command": ["shebang-command@2.0.0", "", { "dependencies": { "shebang-regex": "^3.0.0" } }, ""],

    "shebang-regex": ["shebang-regex@3.0.0", "", {}, ""],

    "side-channel": ["side-channel@1.1.0", "", { "dependencies": { "es-errors": "^1.3.0", "object-inspect": "^1.13.3", "side-channel-list": "^1.0.0", "side-channel-map": "^1.0.1", "side-channel-weakmap": "^1.0.2" } }, ""],

    "side-channel-list": ["side-channel-list@1.0.0", "", { "dependencies": { "es-errors": "^1.3.0", "object-inspect": "^1.13.3" } }, ""],

    "side-channel-map": ["side-channel-map@1.0.1", "", { "dependencies": { "call-bound": "^1.0.2", "es-errors": "^1.3.0", "get-intrinsic": "^1.2.5", "object-inspect": "^1.13.3" } }, ""],

    "side-channel-weakmap": ["side-channel-weakmap@1.0.2", "", { "dependencies": { "call-bound": "^1.0.2", "es-errors": "^1.3.0", "get-intrinsic": "^1.2.5", "object-inspect": "^1.13.3", "side-channel-map": "^1.0.1" } }, ""],

    "signal-exit": ["signal-exit@4.1.0", "", {}, ""],

    "sisteransi": ["sisteransi@1.0.5", "", {}, ""],

    "statuses": ["statuses@2.0.2", "", {}, ""],

    "stream-chain": ["stream-chain@2.2.5", "", {}, ""],

    "stream-json": ["stream-json@1.9.1", "", { "dependencies": { "stream-chain": "^2.2.5" } }, ""],

    "strnum": ["strnum@1.1.2", "", {}, ""],

    "supports-color": ["supports-color@10.2.2", "", {}, ""],

    "tinyexec": ["tinyexec@1.0.2", "", {}, ""],

    "tinyglobby": ["tinyglobby@0.2.15", "", { "dependencies": { "fdir": "^6.5.0", "picomatch": "^4.0.3" } }, ""],

    "to-regex-range": ["to-regex-range@5.0.1", "", { "dependencies": { "is-number": "^7.0.0" } }, ""],

    "toidentifier": ["toidentifier@1.0.1", "", {}, ""],

    "token-types": ["token-types@6.1.1", "", { "dependencies": { "@tokenizer/inflate": "^0.2.7", "peek-readable": "^5.4.2" } }, ""],

    "ts-api-utils": ["ts-api-utils@2.4.0", "", { "peerDependencies": { "typescript": ">=4.8.4" } }, ""],

    "tsconfck": ["tsconfck@3.1.6", "", {}, ""],

    "tsx": ["tsx@4.21.0", "", { "dependencies": { "esbuild": "~0.27.0", "get-tsconfig": "^4.7.5" }, "bin": { "tsx": "dist/cli.mjs" } }, ""],

    "type-fest": ["type-fest@4.41.0", "", {}, ""],

    "type-is": ["type-is@2.0.1", "", { "dependencies": { "content-type": "^1.0.5", "media-typer": "^1.1.0", "mime-types": "^3.0.0" } }, ""],

    "ufo": ["ufo@1.6.1", "", {}, ""],

    "ultracite": ["ultracite@5.1.2", "", { "dependencies": { "@clack/prompts": "^0.11.0", "@sindresorhus/merge-streams": "^2.3.0", "citty": "^0.1.6", "consola": "^3.4.2", "ignore": "^7.0.5", "jiti": "^2.4.2", "jsonc-parser": "^3.3.1", "package-manager-detector": "^1.3.0", "picocolors": "^1.1.1", "prettier": "^3.5.3", "tinyexec": "^1.0.2", "tinyglobby": "^0.2.14" }, "bin": { "ultracite": "dist/cli.mjs" } }, ""],

    "undici-types": ["undici-types@6.21.0", "", {}, ""],

    "unpipe": ["unpipe@1.0.0", "", {}, ""],

    "vary": ["vary@1.1.2", "", {}, ""],

    "which": ["which@2.0.2", "", { "dependencies": { "isexe": "^2.0.0" }, "bin": { "node-which": "./bin/node-which" } }, ""],

    "wrappy": ["wrappy@1.0.2", "", {}, ""],

    "ws": ["ws@8.19.0", "", {}, ""],

    "zod": ["zod@3.25.76", "", {}, ""],

    "zod-to-json-schema": ["zod-to-json-schema@3.25.1", "", { "peerDependencies": { "zod": "^3.25 || ^4" } }, ""]
  }
}
